# @generated by Move, please check-in and do not edit manually.

[move]
version = 3
manifest_digest = "39B86B6470EA6DA4666497C0B460643AB9A6060F13E4DD059A6A03B822D98250"
deps_digest = "F8BBB0CCB2491CA29A3DF03D6F92277A4F3574266507ACD77214D37ECA3F3082"
dependencies = [
  { id = "Sui", name = "Sui" },
]

[[move.package]]
id = "MoveStdlib"
source = { git = "https://github.com/MystenLabs/sui.git", rev = "framework/testnet", subdir = "crates\\sui-framework\\packages\\move-stdlib" }

[[move.package]]
id = "Sui"
source = { git = "https://github.com/MystenLabs/sui.git", rev = "framework/testnet", subdir = "crates/sui-framework/packages/sui-framework" }

dependencies = [
  { id = "MoveStdlib", name = "MoveStdlib" },
]

[move.toolchain-version]
compiler-version = "1.61.2"
edition = "2024.beta"
flavor = "sui"

[env]

[env.testnet]
chain-id = "4c78adac"
original-published-id = "0xa9e4cdb2e367b3fb6abbe4d0dcb42b768f2387426f12c5c1d4c6623305d9098e"
latest-published-id = "0xa9e4cdb2e367b3fb6abbe4d0dcb42b768f2387426f12c5c1d4c6623305d9098e"
published-version = "1"
